{
  "version": 4,
  "terraform_version": "1.6.0",
  "serial": 8,
  "lineage": "c615eb08-5101-ac79-93b1-04368dd01a35",
  "outputs": {
    "webapp_ips": {
      "value": "20.73.205.48,20.73.205.98,20.73.205.251,20.73.206.81,20.73.207.10,20.73.207.102,20.73.135.74,20.73.135.154,20.73.135.236,20.73.200.35,20.73.200.86,20.73.200.135,20.105.232.40",
      "type": "string"
    },
    "webapp_url": {
      "value": "stanil7-homies-app.azurewebsites.net",
      "type": "string"
    }
  },
  "resources": [
    {
      "mode": "managed",
      "type": "azurerm_app_service_source_control",
      "name": "assc",
      "provider": "provider[\"registry.terraform.io/hashicorp/azurerm\"]",
      "instances": [
        {
          "schema_version": 0,
          "attributes": {
            "app_id": "/subscriptions/b958e6bb-b763-4db4-9889-d566d8eb605b/resourceGroups/Stanil7-homiesRG/providers/Microsoft.Web/sites/stanil7-homies-app",
            "branch": "main",
            "github_action_configuration": [],
            "id": "/subscriptions/b958e6bb-b763-4db4-9889-d566d8eb605b/resourceGroups/Stanil7-homiesRG/providers/Microsoft.Web/sites/stanil7-homies-app",
            "repo_url": "https://github.com/Stanil007/Homies-Terraform",
            "rollback_enabled": false,
            "scm_type": "ExternalGit",
            "timeouts": null,
            "use_local_git": false,
            "use_manual_integration": true,
            "use_mercurial": false,
            "uses_github_action": false
          },
          "sensitive_attributes": [],
          "private": "eyJlMmJmYjczMC1lY2FhLTExZTYtOGY4OC0zNDM2M2JjN2M0YzAiOnsiY3JlYXRlIjoxODAwMDAwMDAwMDAwLCJkZWxldGUiOjE4MDAwMDAwMDAwMDAsInJlYWQiOjMwMDAwMDAwMDAwMH19",
          "dependencies": [
            "azurerm_linux_web_app.alwa",
            "azurerm_mssql_database.mssqldb",
            "azurerm_mssql_server.mssqlserver",
            "azurerm_resource_group.rg",
            "azurerm_service_plan.asp"
          ]
        }
      ]
    },
    {
      "mode": "managed",
      "type": "azurerm_linux_web_app",
      "name": "alwa",
      "provider": "provider[\"registry.terraform.io/hashicorp/azurerm\"]",
      "instances": [
        {
          "schema_version": 0,
          "attributes": {
            "app_settings": null,
            "auth_settings": [],
            "auth_settings_v2": [],
            "backup": [],
            "client_affinity_enabled": false,
            "client_certificate_enabled": false,
            "client_certificate_exclusion_paths": "",
            "client_certificate_mode": "Required",
            "connection_string": [
              {
                "name": "DefaultConnection",
                "type": "SQLAzure",
                "value": "Data Source=tcp:stanil7-homies-sql.database.windows.net,1433;Initial Catalog=stanil7-homies-db;User ID=stanil7homiesadmin;Password=@Aa123456789!;Trusted_Connection=False; MultipleActiveResultSets=True;"
              }
            ],
            "custom_domain_verification_id": "BEB509A9B93855E7E5CBFC4E0754DCD889F8AF778E1DD844308F27067C0318E4",
            "default_hostname": "stanil7-homies-app.azurewebsites.net",
            "enabled": true,
            "hosting_environment_id": "",
            "https_only": false,
            "id": "/subscriptions/b958e6bb-b763-4db4-9889-d566d8eb605b/resourceGroups/Stanil7-homiesRG/providers/Microsoft.Web/sites/stanil7-homies-app",
            "identity": [],
            "key_vault_reference_identity_id": "SystemAssigned",
            "kind": "app,linux",
            "location": "westeurope",
            "logs": [],
            "name": "stanil7-homies-app",
            "outbound_ip_address_list": [
              "20.73.205.48",
              "20.73.205.98",
              "20.73.205.251",
              "20.73.206.81",
              "20.73.207.10",
              "20.73.207.102",
              "20.73.135.74",
              "20.73.135.154",
              "20.73.135.236",
              "20.73.200.35",
              "20.73.200.86",
              "20.73.200.135",
              "20.105.232.40"
            ],
            "outbound_ip_addresses": "20.73.205.48,20.73.205.98,20.73.205.251,20.73.206.81,20.73.207.10,20.73.207.102,20.73.135.74,20.73.135.154,20.73.135.236,20.73.200.35,20.73.200.86,20.73.200.135,20.105.232.40",
            "possible_outbound_ip_address_list": [
              "20.73.205.48",
              "20.73.205.98",
              "20.73.205.251",
              "20.73.206.81",
              "20.73.207.10",
              "20.73.207.102",
              "20.73.135.74",
              "20.73.135.154",
              "20.73.135.236",
              "20.73.200.35",
              "20.73.200.86",
              "20.73.200.135",
              "20.73.201.16",
              "20.73.201.42",
              "20.73.201.90",
              "20.73.202.28",
              "20.73.202.102",
              "20.73.202.135",
              "20.73.203.36",
              "20.73.203.124",
              "20.73.203.177",
              "20.73.203.181",
              "20.73.204.95",
              "20.73.205.32",
              "20.73.205.48",
              "20.73.205.98",
              "20.73.205.251",
              "20.73.206.81",
              "20.73.207.10",
              "20.73.207.102",
              "20.73.207.210",
              "20.76.24.56",
              "20.76.24.227",
              "20.76.25.1",
              "20.76.25.87",
              "20.76.25.193",
              "20.105.232.40"
            ],
            "possible_outbound_ip_addresses": "20.73.205.48,20.73.205.98,20.73.205.251,20.73.206.81,20.73.207.10,20.73.207.102,20.73.135.74,20.73.135.154,20.73.135.236,20.73.200.35,20.73.200.86,20.73.200.135,20.73.201.16,20.73.201.42,20.73.201.90,20.73.202.28,20.73.202.102,20.73.202.135,20.73.203.36,20.73.203.124,20.73.203.177,20.73.203.181,20.73.204.95,20.73.205.32,20.73.205.48,20.73.205.98,20.73.205.251,20.73.206.81,20.73.207.10,20.73.207.102,20.73.207.210,20.76.24.56,20.76.24.227,20.76.25.1,20.76.25.87,20.76.25.193,20.105.232.40",
            "public_network_access_enabled": true,
            "resource_group_name": "Stanil7-homiesRG",
            "service_plan_id": "/subscriptions/b958e6bb-b763-4db4-9889-d566d8eb605b/resourceGroups/Stanil7-homiesRG/providers/Microsoft.Web/serverfarms/stanil7-homies-plan",
            "site_config": [
              {
                "always_on": false,
                "api_definition_url": "",
                "api_management_api_id": "",
                "app_command_line": "",
                "application_stack": [
                  {
                    "docker_image": "",
                    "docker_image_name": "",
                    "docker_image_tag": "",
                    "docker_registry_password": "",
                    "docker_registry_url": "",
                    "docker_registry_username": "",
                    "dotnet_version": "6.0",
                    "go_version": "",
                    "java_server": "",
                    "java_server_version": "",
                    "java_version": "",
                    "node_version": "",
                    "php_version": "",
                    "python_version": "",
                    "ruby_version": ""
                  }
                ],
                "auto_heal_enabled": false,
                "auto_heal_setting": [],
                "container_registry_managed_identity_client_id": "",
                "container_registry_use_managed_identity": false,
                "cors": [],
                "default_documents": [
                  "Default.htm",
                  "Default.html",
                  "Default.asp",
                  "index.htm",
                  "index.html",
                  "iisstart.htm",
                  "default.aspx",
                  "index.php",
                  "hostingstart.html"
                ],
                "detailed_error_logging_enabled": false,
                "ftps_state": "Disabled",
                "health_check_eviction_time_in_min": 0,
                "health_check_path": "",
                "http2_enabled": false,
                "ip_restriction": [],
                "linux_fx_version": "DOTNETCORE|6.0",
                "load_balancing_mode": "LeastRequests",
                "local_mysql_enabled": false,
                "managed_pipeline_mode": "Integrated",
                "minimum_tls_version": "1.2",
                "remote_debugging_enabled": false,
                "remote_debugging_version": "VS2019",
                "scm_ip_restriction": [],
                "scm_minimum_tls_version": "1.2",
                "scm_type": "None",
                "scm_use_main_ip_restriction": false,
                "use_32_bit_worker": true,
                "vnet_route_all_enabled": false,
                "websockets_enabled": false,
                "worker_count": 1
              }
            ],
            "site_credential": [
              {
                "name": "$stanil7-homies-app",
                "password": "8yhu5fMAwLj77wush4NamB6dE5quMoqc5p1llQ8XThazmefWHfu7aczHpXcS"
              }
            ],
            "sticky_settings": [],
            "storage_account": [],
            "tags": null,
            "timeouts": null,
            "virtual_network_subnet_id": "",
            "zip_deploy_file": ""
          },
          "sensitive_attributes": [
            [
              {
                "type": "get_attr",
                "value": "connection_string"
              }
            ]
          ],
          "private": "eyJlMmJmYjczMC1lY2FhLTExZTYtOGY4OC0zNDM2M2JjN2M0YzAiOnsiY3JlYXRlIjoxODAwMDAwMDAwMDAwLCJkZWxldGUiOjE4MDAwMDAwMDAwMDAsInJlYWQiOjMwMDAwMDAwMDAwMCwidXBkYXRlIjoxODAwMDAwMDAwMDAwfX0=",
          "dependencies": [
            "azurerm_mssql_database.mssqldb",
            "azurerm_mssql_server.mssqlserver",
            "azurerm_resource_group.rg",
            "azurerm_service_plan.asp"
          ]
        }
      ]
    },
    {
      "mode": "managed",
      "type": "azurerm_mssql_database",
      "name": "mssqldb",
      "provider": "provider[\"registry.terraform.io/hashicorp/azurerm\"]",
      "instances": [
        {
          "schema_version": 1,
          "attributes": {
            "auto_pause_delay_in_minutes": 0,
            "collation": "SQL_Latin1_General_CP1_CI_AS",
            "create_mode": "Default",
            "creation_source_database_id": null,
            "elastic_pool_id": "",
            "geo_backup_enabled": true,
            "id": "/subscriptions/b958e6bb-b763-4db4-9889-d566d8eb605b/resourceGroups/Stanil7-homiesRG/providers/Microsoft.Sql/servers/stanil7-homies-sql/databases/stanil7-homies-db",
            "import": [],
            "ledger_enabled": false,
            "license_type": "LicenseIncluded",
            "long_term_retention_policy": [
              {
                "monthly_retention": "PT0S",
                "week_of_year": 1,
                "weekly_retention": "PT0S",
                "yearly_retention": "PT0S"
              }
            ],
            "maintenance_configuration_name": "SQL_Default",
            "max_size_gb": 250,
            "min_capacity": 0,
            "name": "stanil7-homies-db",
            "read_replica_count": 0,
            "read_scale": false,
            "recover_database_id": null,
            "restore_dropped_database_id": null,
            "restore_point_in_time": null,
            "sample_name": null,
            "server_id": "/subscriptions/b958e6bb-b763-4db4-9889-d566d8eb605b/resourceGroups/Stanil7-homiesRG/providers/Microsoft.Sql/servers/stanil7-homies-sql",
            "short_term_retention_policy": [
              {
                "backup_interval_in_hours": 24,
                "retention_days": 7
              }
            ],
            "sku_name": "S0",
            "storage_account_type": "Geo",
            "tags": null,
            "threat_detection_policy": [
              {
                "disabled_alerts": [],
                "email_account_admins": "Disabled",
                "email_addresses": [],
                "retention_days": 0,
                "state": "Disabled",
                "storage_account_access_key": "",
                "storage_endpoint": ""
              }
            ],
            "timeouts": null,
            "transparent_data_encryption_enabled": true,
            "zone_redundant": false
          },
          "sensitive_attributes": [],
          "private": "eyJlMmJmYjczMC1lY2FhLTExZTYtOGY4OC0zNDM2M2JjN2M0YzAiOnsiY3JlYXRlIjozNjAwMDAwMDAwMDAwLCJkZWxldGUiOjM2MDAwMDAwMDAwMDAsInJlYWQiOjMwMDAwMDAwMDAwMCwidXBkYXRlIjozNjAwMDAwMDAwMDAwfSwic2NoZW1hX3ZlcnNpb24iOiIxIn0=",
          "dependencies": [
            "azurerm_mssql_server.mssqlserver",
            "azurerm_resource_group.rg"
          ]
        }
      ]
    },
    {
      "mode": "managed",
      "type": "azurerm_mssql_firewall_rule",
      "name": "firewallrule",
      "provider": "provider[\"registry.terraform.io/hashicorp/azurerm\"]",
      "instances": [
        {
          "schema_version": 0,
          "attributes": {
            "end_ip_address": "0.0.0.0",
            "id": "/subscriptions/b958e6bb-b763-4db4-9889-d566d8eb605b/resourceGroups/Stanil7-homiesRG/providers/Microsoft.Sql/servers/stanil7-homies-sql/firewallRules/stanil7-homies-FirewallRule",
            "name": "stanil7-homies-FirewallRule",
            "server_id": "/subscriptions/b958e6bb-b763-4db4-9889-d566d8eb605b/resourceGroups/Stanil7-homiesRG/providers/Microsoft.Sql/servers/stanil7-homies-sql",
            "start_ip_address": "0.0.0.0",
            "timeouts": null
          },
          "sensitive_attributes": [],
          "private": "eyJlMmJmYjczMC1lY2FhLTExZTYtOGY4OC0zNDM2M2JjN2M0YzAiOnsiY3JlYXRlIjoxODAwMDAwMDAwMDAwLCJkZWxldGUiOjE4MDAwMDAwMDAwMDAsInJlYWQiOjMwMDAwMDAwMDAwMCwidXBkYXRlIjoxODAwMDAwMDAwMDAwfX0=",
          "dependencies": [
            "azurerm_mssql_server.mssqlserver",
            "azurerm_resource_group.rg"
          ]
        }
      ]
    },
    {
      "mode": "managed",
      "type": "azurerm_mssql_server",
      "name": "mssqlserver",
      "provider": "provider[\"registry.terraform.io/hashicorp/azurerm\"]",
      "instances": [
        {
          "schema_version": 0,
          "attributes": {
            "administrator_login": "stanil7homiesadmin",
            "administrator_login_password": "@Aa123456789!",
            "azuread_administrator": [],
            "connection_policy": "Default",
            "fully_qualified_domain_name": "stanil7-homies-sql.database.windows.net",
            "id": "/subscriptions/b958e6bb-b763-4db4-9889-d566d8eb605b/resourceGroups/Stanil7-homiesRG/providers/Microsoft.Sql/servers/stanil7-homies-sql",
            "identity": [],
            "location": "westeurope",
            "minimum_tls_version": "1.2",
            "name": "stanil7-homies-sql",
            "outbound_network_restriction_enabled": false,
            "primary_user_assigned_identity_id": "",
            "public_network_access_enabled": true,
            "resource_group_name": "Stanil7-homiesRG",
            "restorable_dropped_database_ids": [],
            "tags": null,
            "timeouts": null,
            "transparent_data_encryption_key_vault_key_id": "",
            "version": "12.0"
          },
          "sensitive_attributes": [],
          "private": "eyJlMmJmYjczMC1lY2FhLTExZTYtOGY4OC0zNDM2M2JjN2M0YzAiOnsiY3JlYXRlIjozNjAwMDAwMDAwMDAwLCJkZWxldGUiOjM2MDAwMDAwMDAwMDAsInJlYWQiOjMwMDAwMDAwMDAwMCwidXBkYXRlIjozNjAwMDAwMDAwMDAwfX0=",
          "dependencies": [
            "azurerm_resource_group.rg"
          ]
        }
      ]
    },
    {
      "mode": "managed",
      "type": "azurerm_resource_group",
      "name": "rg",
      "provider": "provider[\"registry.terraform.io/hashicorp/azurerm\"]",
      "instances": [
        {
          "schema_version": 0,
          "attributes": {
            "id": "/subscriptions/b958e6bb-b763-4db4-9889-d566d8eb605b/resourceGroups/Stanil7-homiesRG",
            "location": "westeurope",
            "managed_by": "",
            "name": "Stanil7-homiesRG",
            "tags": null,
            "timeouts": null
          },
          "sensitive_attributes": [],
          "private": "eyJlMmJmYjczMC1lY2FhLTExZTYtOGY4OC0zNDM2M2JjN2M0YzAiOnsiY3JlYXRlIjo1NDAwMDAwMDAwMDAwLCJkZWxldGUiOjU0MDAwMDAwMDAwMDAsInJlYWQiOjMwMDAwMDAwMDAwMCwidXBkYXRlIjo1NDAwMDAwMDAwMDAwfX0="
        }
      ]
    },
    {
      "mode": "managed",
      "type": "azurerm_service_plan",
      "name": "asp",
      "provider": "provider[\"registry.terraform.io/hashicorp/azurerm\"]",
      "instances": [
        {
          "schema_version": 0,
          "attributes": {
            "app_service_environment_id": "",
            "id": "/subscriptions/b958e6bb-b763-4db4-9889-d566d8eb605b/resourceGroups/Stanil7-homiesRG/providers/Microsoft.Web/serverfarms/stanil7-homies-plan",
            "kind": "linux",
            "location": "westeurope",
            "maximum_elastic_worker_count": 1,
            "name": "stanil7-homies-plan",
            "os_type": "Linux",
            "per_site_scaling_enabled": false,
            "reserved": true,
            "resource_group_name": "Stanil7-homiesRG",
            "sku_name": "F1",
            "tags": null,
            "timeouts": null,
            "worker_count": 1,
            "zone_balancing_enabled": false
          },
          "sensitive_attributes": [],
          "private": "eyJlMmJmYjczMC1lY2FhLTExZTYtOGY4OC0zNDM2M2JjN2M0YzAiOnsiY3JlYXRlIjozNjAwMDAwMDAwMDAwLCJkZWxldGUiOjM2MDAwMDAwMDAwMDAsInJlYWQiOjMwMDAwMDAwMDAwMCwidXBkYXRlIjozNjAwMDAwMDAwMDAwfX0=",
          "dependencies": [
            "azurerm_resource_group.rg"
          ]
        }
      ]
    }
  ],
  "check_results": null
}
